
Microsoft Visual Studio Solution File, Format Version 12.00
# Visual Studio Version 17
VisualStudioVersion = 17.5.33424.131
MinimumVisualStudioVersion = 10.0.40219.1
Project("{FAE04EC0-301F-11D3-BF4B-00C04F79EFBC}") = "RxMediaPharma.UI", "RxMediaPharma\RxMediaPharma.UI.csproj", "{BFF04D76-F295-4FB0-8F44-19BA4BD6BD3A}"
EndProject
Project("{FAE04EC0-301F-11D3-BF4B-00C04F79EFBC}") = "RxMediaPharma.BL", "RxMediaPharma.BL\RxMediaPharma.BL.csproj", "{35EC4AB3-9E18-4C11-9CAF-D23E58CF9437}"
EndProject
Project("{FAE04EC0-301F-11D3-BF4B-00C04F79EFBC}") = "RxMediaPharma.DAL", "RxMediaPharma.DAL\RxMediaPharma.DAL.csproj", "{EA693653-D5F9-4183-B979-9EC73B1A5EB0}"
EndProject
Global
	GlobalSection(SolutionConfigurationPlatforms) = preSolution
		Debug|Any CPU = Debug|Any CPU
		Release|Any CPU = Release|Any CPU
	EndGlobalSection
	GlobalSection(ProjectConfigurationPlatforms) = postSolution
		{BFF04D76-F295-4FB0-8F44-19BA4BD6BD3A}.Debug|Any CPU.ActiveCfg = Debug|Any CPU
		{BFF04D76-F295-4FB0-8F44-19BA4BD6BD3A}.Debug|Any CPU.Build.0 = Debug|Any CPU
		{BFF04D76-F295-4FB0-8F44-19BA4BD6BD3A}.Release|Any CPU.ActiveCfg = Release|Any CPU
		{BFF04D76-F295-4FB0-8F44-19BA4BD6BD3A}.Release|Any CPU.Build.0 = Release|Any CPU
		{35EC4AB3-9E18-4C11-9CAF-D23E58CF9437}.Debug|Any CPU.ActiveCfg = Debug|Any CPU
		{35EC4AB3-9E18-4C11-9CAF-D23E58CF9437}.Debug|Any CPU.Build.0 = Debug|Any CPU
		{35EC4AB3-9E18-4C11-9CAF-D23E58CF9437}.Release|Any CPU.ActiveCfg = Release|Any CPU
		{35EC4AB3-9E18-4C11-9CAF-D23E58CF9437}.Release|Any CPU.Build.0 = Release|Any CPU
		{EA693653-D5F9-4183-B979-9EC73B1A5EB0}.Debug|Any CPU.ActiveCfg = Debug|Any CPU
		{EA693653-D5F9-4183-B979-9EC73B1A5EB0}.Debug|Any CPU.Build.0 = Debug|Any CPU
		{EA693653-D5F9-4183-B979-9EC73B1A5EB0}.Release|Any CPU.ActiveCfg = Release|Any CPU
		{EA693653-D5F9-4183-B979-9EC73B1A5EB0}.Release|Any CPU.Build.0 = Release|Any CPU
	EndGlobalSection
	GlobalSection(SolutionProperties) = preSolution
		HideSolutionNode = FALSE
	EndGlobalSection
	GlobalSection(ExtensibilityGlobals) = postSolution
		SolutionGuid = {F989752E-F498-4673-A33E-09CDFEE5F70B}
	EndGlobalSection
EndGlobal
